// !$*UTF8*$!
{
	archiveVersion = 1;
	classes = {
	};
	objectVersion = 56;
	objects = {

/* Begin PBXBuildFile section */
		9922E9AC29D3460D003CC875 /* TVShowDetailsView.swift in Sources */ = {isa = PBXBuildFile; fileRef = 9922E9AB29D3460D003CC875 /* TVShowDetailsView.swift */; };
		9922E9AE29D34F38003CC875 /* TVShowDetails.swift in Sources */ = {isa = PBXBuildFile; fileRef = 9922E9AD29D34F38003CC875 /* TVShowDetails.swift */; };
		9922E9B029D3518A003CC875 /* TVShowDetailsViewModel.swift in Sources */ = {isa = PBXBuildFile; fileRef = 9922E9AF29D3518A003CC875 /* TVShowDetailsViewModel.swift */; };
		9927088B29D9E3C400D2F3A3 /* CreditSectionView.swift in Sources */ = {isa = PBXBuildFile; fileRef = 9927088A29D9E3C400D2F3A3 /* CreditSectionView.swift */; };
		9929E5DE29D2129300EF446C /* CreditDetailItemViewModel.swift in Sources */ = {isa = PBXBuildFile; fileRef = 9929E5DD29D2129300EF446C /* CreditDetailItemViewModel.swift */; };
		9929E5E129D229CC00EF446C /* NavigationManager.swift in Sources */ = {isa = PBXBuildFile; fileRef = 9929E5E029D229CC00EF446C /* NavigationManager.swift */; };
		9929E5E329D2A98800EF446C /* TVHomeView.swift in Sources */ = {isa = PBXBuildFile; fileRef = 9929E5E229D2A98800EF446C /* TVHomeView.swift */; };
		9929E5E629D2AE1500EF446C /* TVHomeViewModel.swift in Sources */ = {isa = PBXBuildFile; fileRef = 9929E5E529D2AE1500EF446C /* TVHomeViewModel.swift */; };
		9929E5E829D2B1AF00EF446C /* TVEndpoint.swift in Sources */ = {isa = PBXBuildFile; fileRef = 9929E5E729D2B1AF00EF446C /* TVEndpoint.swift */; };
		9929E5EA29D2B3AE00EF446C /* TVFetchable.swift in Sources */ = {isa = PBXBuildFile; fileRef = 9929E5E929D2B3AE00EF446C /* TVFetchable.swift */; };
		9941879D29CF7C6000732EEF /* WatchProviderViewModel.swift in Sources */ = {isa = PBXBuildFile; fileRef = 9941879C29CF7C6000732EEF /* WatchProviderViewModel.swift */; };
		994187A029CF7C7F00732EEF /* RegionWatchProvidersViewModel.swift in Sources */ = {isa = PBXBuildFile; fileRef = 9941879F29CF7C7F00732EEF /* RegionWatchProvidersViewModel.swift */; };
		99618A7329D8B96400173D79 /* FetchState.swift in Sources */ = {isa = PBXBuildFile; fileRef = 99618A7229D8B96400173D79 /* FetchState.swift */; };
		99618A7529D8B97A00173D79 /* SearchViewModel.swift in Sources */ = {isa = PBXBuildFile; fileRef = 99618A7429D8B97A00173D79 /* SearchViewModel.swift */; };
		99618A7729D9511E00173D79 /* MovieCategory.swift in Sources */ = {isa = PBXBuildFile; fileRef = 99618A7629D9511E00173D79 /* MovieCategory.swift */; };
		99618A7A29D9517200173D79 /* TVCategory.swift in Sources */ = {isa = PBXBuildFile; fileRef = 99618A7929D9517200173D79 /* TVCategory.swift */; };
		99618A7C29D951B500173D79 /* CreditDetailItemView.swift in Sources */ = {isa = PBXBuildFile; fileRef = 99618A7B29D951B500173D79 /* CreditDetailItemView.swift */; };
		99618A7E29D9576E00173D79 /* FullSizeImageView.swift in Sources */ = {isa = PBXBuildFile; fileRef = 99618A7D29D9576E00173D79 /* FullSizeImageView.swift */; };
		996520C129D7371400AC0F58 /* SearchEndpoint.swift in Sources */ = {isa = PBXBuildFile; fileRef = 996520C029D7371400AC0F58 /* SearchEndpoint.swift */; };
		996520C329D73F8A00AC0F58 /* SearchFetchable.swift in Sources */ = {isa = PBXBuildFile; fileRef = 996520C229D73F8A00AC0F58 /* SearchFetchable.swift */; };
		996520C529D77CC000AC0F58 /* SearchResult.swift in Sources */ = {isa = PBXBuildFile; fileRef = 996520C429D77CC000AC0F58 /* SearchResult.swift */; };
		996520C729D7A92F00AC0F58 /* SearchItemView.swift in Sources */ = {isa = PBXBuildFile; fileRef = 996520C629D7A92F00AC0F58 /* SearchItemView.swift */; };
		9978040D29D6593500CC03FF /* TVShowInfoSection.swift in Sources */ = {isa = PBXBuildFile; fileRef = 9978040C29D6593500CC03FF /* TVShowInfoSection.swift */; };
		9978041029D69B5900CC03FF /* SearchView.swift in Sources */ = {isa = PBXBuildFile; fileRef = 9978040F29D69B5900CC03FF /* SearchView.swift */; };
		99A892B029D4AAB200A7ECFD /* SeasonDetails.swift in Sources */ = {isa = PBXBuildFile; fileRef = 99A892AF29D4AAB200A7ECFD /* SeasonDetails.swift */; };
		99A892B329D5018B00A7ECFD /* EpisodeDetailsView.swift in Sources */ = {isa = PBXBuildFile; fileRef = 99A892B229D5018B00A7ECFD /* EpisodeDetailsView.swift */; };
		99A892B629D507D500A7ECFD /* EpisodeViewModel.swift in Sources */ = {isa = PBXBuildFile; fileRef = 99A892B529D507D500A7ECFD /* EpisodeViewModel.swift */; };
		99EC06B929CD0B52009F1220 /* TVScribeApp.swift in Sources */ = {isa = PBXBuildFile; fileRef = 99EC06B829CD0B52009F1220 /* TVScribeApp.swift */; };
		99EC06BD29CD0B53009F1220 /* Assets.xcassets in Resources */ = {isa = PBXBuildFile; fileRef = 99EC06BC29CD0B53009F1220 /* Assets.xcassets */; };
		99EC06C029CD0B53009F1220 /* Preview Assets.xcassets in Resources */ = {isa = PBXBuildFile; fileRef = 99EC06BF29CD0B53009F1220 /* Preview Assets.xcassets */; };
		99EC06C729CD3692009F1220 /* RootTabView.swift in Sources */ = {isa = PBXBuildFile; fileRef = 99EC06C629CD3692009F1220 /* RootTabView.swift */; };
		99EC070429CD4557009F1220 /* PlaceholderAsyncImageView.swift in Sources */ = {isa = PBXBuildFile; fileRef = 99EC06CB29CD4557009F1220 /* PlaceholderAsyncImageView.swift */; };
		99EC070529CD4557009F1220 /* RecommendationsSection.swift in Sources */ = {isa = PBXBuildFile; fileRef = 99EC06CC29CD4557009F1220 /* RecommendationsSection.swift */; };
		99EC070629CD4557009F1220 /* RecommendationPosterView.swift in Sources */ = {isa = PBXBuildFile; fileRef = 99EC06CD29CD4557009F1220 /* RecommendationPosterView.swift */; };
		99EC070729CD4557009F1220 /* OverviewSection.swift in Sources */ = {isa = PBXBuildFile; fileRef = 99EC06CE29CD4557009F1220 /* OverviewSection.swift */; };
		99EC070829CD4557009F1220 /* ViewItemView.swift in Sources */ = {isa = PBXBuildFile; fileRef = 99EC06CF29CD4557009F1220 /* ViewItemView.swift */; };
		99EC070929CD4557009F1220 /* PosterView.swift in Sources */ = {isa = PBXBuildFile; fileRef = 99EC06D029CD4557009F1220 /* PosterView.swift */; };
		99EC070A29CD4557009F1220 /* ReviewsView.swift in Sources */ = {isa = PBXBuildFile; fileRef = 99EC06D129CD4557009F1220 /* ReviewsView.swift */; };
		99EC070B29CD4557009F1220 /* CreditSection.swift in Sources */ = {isa = PBXBuildFile; fileRef = 99EC06D229CD4557009F1220 /* CreditSection.swift */; };
		99EC070C29CD4557009F1220 /* SafariWebView.swift in Sources */ = {isa = PBXBuildFile; fileRef = 99EC06D329CD4557009F1220 /* SafariWebView.swift */; };
		99EC070D29CD4557009F1220 /* GenreView.swift in Sources */ = {isa = PBXBuildFile; fileRef = 99EC06D429CD4557009F1220 /* GenreView.swift */; };
		99EC070E29CD4557009F1220 /* ReviewItemView.swift in Sources */ = {isa = PBXBuildFile; fileRef = 99EC06D529CD4557009F1220 /* ReviewItemView.swift */; };
		99EC070F29CD4557009F1220 /* VideosView.swift in Sources */ = {isa = PBXBuildFile; fileRef = 99EC06D629CD4557009F1220 /* VideosView.swift */; };
		99EC071029CD4557009F1220 /* ProfileCreditView.swift in Sources */ = {isa = PBXBuildFile; fileRef = 99EC06D729CD4557009F1220 /* ProfileCreditView.swift */; };
		99EC071129CD4557009F1220 /* MoviesHomeView.swift in Sources */ = {isa = PBXBuildFile; fileRef = 99EC06D929CD4557009F1220 /* MoviesHomeView.swift */; };
		99EC071229CD4557009F1220 /* MovieInfoSection.swift in Sources */ = {isa = PBXBuildFile; fileRef = 99EC06DB29CD4557009F1220 /* MovieInfoSection.swift */; };
		99EC071329CD4557009F1220 /* MovieDetailsView.swift in Sources */ = {isa = PBXBuildFile; fileRef = 99EC06DC29CD4557009F1220 /* MovieDetailsView.swift */; };
		99EC071429CD4557009F1220 /* CreditDetailsView.swift in Sources */ = {isa = PBXBuildFile; fileRef = 99EC06DE29CD4557009F1220 /* CreditDetailsView.swift */; };
		99EC071529CD4557009F1220 /* HeaderModifier.swift in Sources */ = {isa = PBXBuildFile; fileRef = 99EC06E129CD4557009F1220 /* HeaderModifier.swift */; };
		99EC071629CD4557009F1220 /* TitleStyle.swift in Sources */ = {isa = PBXBuildFile; fileRef = 99EC06E229CD4557009F1220 /* TitleStyle.swift */; };
		99EC071729CD4557009F1220 /* MoviesHomeViewModel.swift in Sources */ = {isa = PBXBuildFile; fileRef = 99EC06E529CD4557009F1220 /* MoviesHomeViewModel.swift */; };
		99EC071829CD4557009F1220 /* VideoViewModel.swift in Sources */ = {isa = PBXBuildFile; fileRef = 99EC06E629CD4557009F1220 /* VideoViewModel.swift */; };
		99EC071929CD4557009F1220 /* MovieDetailsViewModel.swift in Sources */ = {isa = PBXBuildFile; fileRef = 99EC06E729CD4557009F1220 /* MovieDetailsViewModel.swift */; };
		99EC071A29CD4557009F1220 /* CreditViewModel.swift in Sources */ = {isa = PBXBuildFile; fileRef = 99EC06E829CD4557009F1220 /* CreditViewModel.swift */; };
		99EC071B29CD4557009F1220 /* MediaItemViewModel.swift in Sources */ = {isa = PBXBuildFile; fileRef = 99EC06E929CD4557009F1220 /* MediaItemViewModel.swift */; };
		99EC071C29CD4557009F1220 /* CreditDetailsViewModel.swift in Sources */ = {isa = PBXBuildFile; fileRef = 99EC06EA29CD4557009F1220 /* CreditDetailsViewModel.swift */; };
		99EC071D29CD4557009F1220 /* CreditDetails.swift in Sources */ = {isa = PBXBuildFile; fileRef = 99EC06ED29CD4557009F1220 /* CreditDetails.swift */; };
		99EC071E29CD4557009F1220 /* MovieDetails.swift in Sources */ = {isa = PBXBuildFile; fileRef = 99EC06EE29CD4557009F1220 /* MovieDetails.swift */; };
		99EC071F29CD4557009F1220 /* MediaItem.swift in Sources */ = {isa = PBXBuildFile; fileRef = 99EC06EF29CD4557009F1220 /* MediaItem.swift */; };
		99EC072029CD4557009F1220 /* MediaFetchResult.swift in Sources */ = {isa = PBXBuildFile; fileRef = 99EC06F029CD4557009F1220 /* MediaFetchResult.swift */; };
		99EC072129CD4557009F1220 /* MediaManagerError.swift in Sources */ = {isa = PBXBuildFile; fileRef = 99EC06F329CD4557009F1220 /* MediaManagerError.swift */; };
		99EC072229CD4557009F1220 /* MovieFetchable.swift in Sources */ = {isa = PBXBuildFile; fileRef = 99EC06F529CD4557009F1220 /* MovieFetchable.swift */; };
		99EC072329CD4557009F1220 /* CreditFetchable.swift in Sources */ = {isa = PBXBuildFile; fileRef = 99EC06F629CD4557009F1220 /* CreditFetchable.swift */; };
		99EC072429CD4557009F1220 /* JSONParseable.swift in Sources */ = {isa = PBXBuildFile; fileRef = 99EC06F729CD4557009F1220 /* JSONParseable.swift */; };
		99EC072529CD4557009F1220 /* MediaManager.swift in Sources */ = {isa = PBXBuildFile; fileRef = 99EC06F829CD4557009F1220 /* MediaManager.swift */; };
		99EC072629CD4557009F1220 /* JSONParser.swift in Sources */ = {isa = PBXBuildFile; fileRef = 99EC06F929CD4557009F1220 /* JSONParser.swift */; };
		99EC072729CD4557009F1220 /* Endpoint.swift in Sources */ = {isa = PBXBuildFile; fileRef = 99EC06FC29CD4557009F1220 /* Endpoint.swift */; };
		99EC072829CD4557009F1220 /* DetailEndpoint.swift in Sources */ = {isa = PBXBuildFile; fileRef = 99EC06FD29CD4557009F1220 /* DetailEndpoint.swift */; };
		99EC072929CD4557009F1220 /* ImageEndpoint.swift in Sources */ = {isa = PBXBuildFile; fileRef = 99EC06FE29CD4557009F1220 /* ImageEndpoint.swift */; };
		99EC072A29CD4557009F1220 /* MovieEndpoint.swift in Sources */ = {isa = PBXBuildFile; fileRef = 99EC06FF29CD4557009F1220 /* MovieEndpoint.swift */; };
		99EC072B29CD4557009F1220 /* Secrets.swift in Sources */ = {isa = PBXBuildFile; fileRef = 99EC070129CD4557009F1220 /* Secrets.swift */; };
		99EC072C29CD4557009F1220 /* API.swift in Sources */ = {isa = PBXBuildFile; fileRef = 99EC070229CD4557009F1220 /* API.swift */; };
		99EC072E29CD5D80009F1220 /* WatchProviderSection.swift in Sources */ = {isa = PBXBuildFile; fileRef = 99EC072D29CD5D80009F1220 /* WatchProviderSection.swift */; };
		99EC073329CD6BBA009F1220 /* VideosReviewsSection.swift in Sources */ = {isa = PBXBuildFile; fileRef = 99EC073229CD6BBA009F1220 /* VideosReviewsSection.swift */; };
/* End PBXBuildFile section */

/* Begin PBXFileReference section */
		9922E9AB29D3460D003CC875 /* TVShowDetailsView.swift */ = {isa = PBXFileReference; lastKnownFileType = sourcecode.swift; path = TVShowDetailsView.swift; sourceTree = "<group>"; };
		9922E9AD29D34F38003CC875 /* TVShowDetails.swift */ = {isa = PBXFileReference; lastKnownFileType = sourcecode.swift; path = TVShowDetails.swift; sourceTree = "<group>"; };
		9922E9AF29D3518A003CC875 /* TVShowDetailsViewModel.swift */ = {isa = PBXFileReference; lastKnownFileType = sourcecode.swift; path = TVShowDetailsViewModel.swift; sourceTree = "<group>"; };
		9927088A29D9E3C400D2F3A3 /* CreditSectionView.swift */ = {isa = PBXFileReference; lastKnownFileType = sourcecode.swift; path = CreditSectionView.swift; sourceTree = "<group>"; };
		9929E5DD29D2129300EF446C /* CreditDetailItemViewModel.swift */ = {isa = PBXFileReference; lastKnownFileType = sourcecode.swift; path = CreditDetailItemViewModel.swift; sourceTree = "<group>"; };
		9929E5E029D229CC00EF446C /* NavigationManager.swift */ = {isa = PBXFileReference; lastKnownFileType = sourcecode.swift; path = NavigationManager.swift; sourceTree = "<group>"; };
		9929E5E229D2A98800EF446C /* TVHomeView.swift */ = {isa = PBXFileReference; lastKnownFileType = sourcecode.swift; path = TVHomeView.swift; sourceTree = "<group>"; };
		9929E5E529D2AE1500EF446C /* TVHomeViewModel.swift */ = {isa = PBXFileReference; lastKnownFileType = sourcecode.swift; path = TVHomeViewModel.swift; sourceTree = "<group>"; };
		9929E5E729D2B1AF00EF446C /* TVEndpoint.swift */ = {isa = PBXFileReference; lastKnownFileType = sourcecode.swift; path = TVEndpoint.swift; sourceTree = "<group>"; };
		9929E5E929D2B3AE00EF446C /* TVFetchable.swift */ = {isa = PBXFileReference; lastKnownFileType = sourcecode.swift; path = TVFetchable.swift; sourceTree = "<group>"; };
		9941879C29CF7C6000732EEF /* WatchProviderViewModel.swift */ = {isa = PBXFileReference; lastKnownFileType = sourcecode.swift; path = WatchProviderViewModel.swift; sourceTree = "<group>"; };
		9941879F29CF7C7F00732EEF /* RegionWatchProvidersViewModel.swift */ = {isa = PBXFileReference; lastKnownFileType = sourcecode.swift; path = RegionWatchProvidersViewModel.swift; sourceTree = "<group>"; };
		99618A7229D8B96400173D79 /* FetchState.swift */ = {isa = PBXFileReference; lastKnownFileType = sourcecode.swift; path = FetchState.swift; sourceTree = "<group>"; };
		99618A7429D8B97A00173D79 /* SearchViewModel.swift */ = {isa = PBXFileReference; lastKnownFileType = sourcecode.swift; path = SearchViewModel.swift; sourceTree = "<group>"; };
		99618A7629D9511E00173D79 /* MovieCategory.swift */ = {isa = PBXFileReference; lastKnownFileType = sourcecode.swift; path = MovieCategory.swift; sourceTree = "<group>"; };
		99618A7929D9517200173D79 /* TVCategory.swift */ = {isa = PBXFileReference; lastKnownFileType = sourcecode.swift; path = TVCategory.swift; sourceTree = "<group>"; };
		99618A7B29D951B500173D79 /* CreditDetailItemView.swift */ = {isa = PBXFileReference; lastKnownFileType = sourcecode.swift; path = CreditDetailItemView.swift; sourceTree = "<group>"; };
		99618A7D29D9576E00173D79 /* FullSizeImageView.swift */ = {isa = PBXFileReference; lastKnownFileType = sourcecode.swift; path = FullSizeImageView.swift; sourceTree = "<group>"; };
		996520C029D7371400AC0F58 /* SearchEndpoint.swift */ = {isa = PBXFileReference; lastKnownFileType = sourcecode.swift; path = SearchEndpoint.swift; sourceTree = "<group>"; };
		996520C229D73F8A00AC0F58 /* SearchFetchable.swift */ = {isa = PBXFileReference; lastKnownFileType = sourcecode.swift; path = SearchFetchable.swift; sourceTree = "<group>"; };
		996520C429D77CC000AC0F58 /* SearchResult.swift */ = {isa = PBXFileReference; lastKnownFileType = sourcecode.swift; path = SearchResult.swift; sourceTree = "<group>"; };
		996520C629D7A92F00AC0F58 /* SearchItemView.swift */ = {isa = PBXFileReference; lastKnownFileType = sourcecode.swift; path = SearchItemView.swift; sourceTree = "<group>"; };
		9978040B29D5FB6B00CC03FF /* TODO.md */ = {isa = PBXFileReference; lastKnownFileType = net.daringfireball.markdown; path = TODO.md; sourceTree = "<group>"; };
		9978040C29D6593500CC03FF /* TVShowInfoSection.swift */ = {isa = PBXFileReference; lastKnownFileType = sourcecode.swift; path = TVShowInfoSection.swift; sourceTree = "<group>"; };
		9978040F29D69B5900CC03FF /* SearchView.swift */ = {isa = PBXFileReference; lastKnownFileType = sourcecode.swift; path = SearchView.swift; sourceTree = "<group>"; };
		99A892AF29D4AAB200A7ECFD /* SeasonDetails.swift */ = {isa = PBXFileReference; lastKnownFileType = sourcecode.swift; path = SeasonDetails.swift; sourceTree = "<group>"; };
		99A892B229D5018B00A7ECFD /* EpisodeDetailsView.swift */ = {isa = PBXFileReference; lastKnownFileType = sourcecode.swift; path = EpisodeDetailsView.swift; sourceTree = "<group>"; };
		99A892B529D507D500A7ECFD /* EpisodeViewModel.swift */ = {isa = PBXFileReference; lastKnownFileType = sourcecode.swift; path = EpisodeViewModel.swift; sourceTree = "<group>"; };
		99EC06B529CD0B52009F1220 /* TVScribe.app */ = {isa = PBXFileReference; explicitFileType = wrapper.application; includeInIndex = 0; path = TVScribe.app; sourceTree = BUILT_PRODUCTS_DIR; };
		99EC06B829CD0B52009F1220 /* TVScribeApp.swift */ = {isa = PBXFileReference; lastKnownFileType = sourcecode.swift; path = TVScribeApp.swift; sourceTree = "<group>"; };
		99EC06BC29CD0B53009F1220 /* Assets.xcassets */ = {isa = PBXFileReference; lastKnownFileType = folder.assetcatalog; path = Assets.xcassets; sourceTree = "<group>"; };
		99EC06BF29CD0B53009F1220 /* Preview Assets.xcassets */ = {isa = PBXFileReference; lastKnownFileType = folder.assetcatalog; path = "Preview Assets.xcassets"; sourceTree = "<group>"; };
		99EC06C629CD3692009F1220 /* RootTabView.swift */ = {isa = PBXFileReference; lastKnownFileType = sourcecode.swift; path = RootTabView.swift; sourceTree = "<group>"; };
		99EC06CB29CD4557009F1220 /* PlaceholderAsyncImageView.swift */ = {isa = PBXFileReference; fileEncoding = 4; lastKnownFileType = sourcecode.swift; path = PlaceholderAsyncImageView.swift; sourceTree = "<group>"; };
		99EC06CC29CD4557009F1220 /* RecommendationsSection.swift */ = {isa = PBXFileReference; fileEncoding = 4; lastKnownFileType = sourcecode.swift; path = RecommendationsSection.swift; sourceTree = "<group>"; };
		99EC06CD29CD4557009F1220 /* RecommendationPosterView.swift */ = {isa = PBXFileReference; fileEncoding = 4; lastKnownFileType = sourcecode.swift; path = RecommendationPosterView.swift; sourceTree = "<group>"; };
		99EC06CE29CD4557009F1220 /* OverviewSection.swift */ = {isa = PBXFileReference; fileEncoding = 4; lastKnownFileType = sourcecode.swift; path = OverviewSection.swift; sourceTree = "<group>"; };
		99EC06CF29CD4557009F1220 /* ViewItemView.swift */ = {isa = PBXFileReference; fileEncoding = 4; lastKnownFileType = sourcecode.swift; path = ViewItemView.swift; sourceTree = "<group>"; };
		99EC06D029CD4557009F1220 /* PosterView.swift */ = {isa = PBXFileReference; fileEncoding = 4; lastKnownFileType = sourcecode.swift; path = PosterView.swift; sourceTree = "<group>"; };
		99EC06D129CD4557009F1220 /* ReviewsView.swift */ = {isa = PBXFileReference; fileEncoding = 4; lastKnownFileType = sourcecode.swift; path = ReviewsView.swift; sourceTree = "<group>"; };
		99EC06D229CD4557009F1220 /* CreditSection.swift */ = {isa = PBXFileReference; fileEncoding = 4; lastKnownFileType = sourcecode.swift; path = CreditSection.swift; sourceTree = "<group>"; };
		99EC06D329CD4557009F1220 /* SafariWebView.swift */ = {isa = PBXFileReference; fileEncoding = 4; lastKnownFileType = sourcecode.swift; path = SafariWebView.swift; sourceTree = "<group>"; };
		99EC06D429CD4557009F1220 /* GenreView.swift */ = {isa = PBXFileReference; fileEncoding = 4; lastKnownFileType = sourcecode.swift; path = GenreView.swift; sourceTree = "<group>"; };
		99EC06D529CD4557009F1220 /* ReviewItemView.swift */ = {isa = PBXFileReference; fileEncoding = 4; lastKnownFileType = sourcecode.swift; path = ReviewItemView.swift; sourceTree = "<group>"; };
		99EC06D629CD4557009F1220 /* VideosView.swift */ = {isa = PBXFileReference; fileEncoding = 4; lastKnownFileType = sourcecode.swift; path = VideosView.swift; sourceTree = "<group>"; };
		99EC06D729CD4557009F1220 /* ProfileCreditView.swift */ = {isa = PBXFileReference; fileEncoding = 4; lastKnownFileType = sourcecode.swift; path = ProfileCreditView.swift; sourceTree = "<group>"; };
		99EC06D929CD4557009F1220 /* MoviesHomeView.swift */ = {isa = PBXFileReference; fileEncoding = 4; lastKnownFileType = sourcecode.swift; path = MoviesHomeView.swift; sourceTree = "<group>"; };
		99EC06DB29CD4557009F1220 /* MovieInfoSection.swift */ = {isa = PBXFileReference; fileEncoding = 4; lastKnownFileType = sourcecode.swift; path = MovieInfoSection.swift; sourceTree = "<group>"; };
		99EC06DC29CD4557009F1220 /* MovieDetailsView.swift */ = {isa = PBXFileReference; fileEncoding = 4; lastKnownFileType = sourcecode.swift; path = MovieDetailsView.swift; sourceTree = "<group>"; };
		99EC06DE29CD4557009F1220 /* CreditDetailsView.swift */ = {isa = PBXFileReference; fileEncoding = 4; lastKnownFileType = sourcecode.swift; path = CreditDetailsView.swift; sourceTree = "<group>"; };
		99EC06E129CD4557009F1220 /* HeaderModifier.swift */ = {isa = PBXFileReference; fileEncoding = 4; lastKnownFileType = sourcecode.swift; path = HeaderModifier.swift; sourceTree = "<group>"; };
		99EC06E229CD4557009F1220 /* TitleStyle.swift */ = {isa = PBXFileReference; fileEncoding = 4; lastKnownFileType = sourcecode.swift; path = TitleStyle.swift; sourceTree = "<group>"; };
		99EC06E529CD4557009F1220 /* MoviesHomeViewModel.swift */ = {isa = PBXFileReference; fileEncoding = 4; lastKnownFileType = sourcecode.swift; path = MoviesHomeViewModel.swift; sourceTree = "<group>"; };
		99EC06E629CD4557009F1220 /* VideoViewModel.swift */ = {isa = PBXFileReference; fileEncoding = 4; lastKnownFileType = sourcecode.swift; path = VideoViewModel.swift; sourceTree = "<group>"; };
		99EC06E729CD4557009F1220 /* MovieDetailsViewModel.swift */ = {isa = PBXFileReference; fileEncoding = 4; lastKnownFileType = sourcecode.swift; path = MovieDetailsViewModel.swift; sourceTree = "<group>"; };
		99EC06E829CD4557009F1220 /* CreditViewModel.swift */ = {isa = PBXFileReference; fileEncoding = 4; lastKnownFileType = sourcecode.swift; path = CreditViewModel.swift; sourceTree = "<group>"; };
		99EC06E929CD4557009F1220 /* MediaItemViewModel.swift */ = {isa = PBXFileReference; fileEncoding = 4; lastKnownFileType = sourcecode.swift; path = MediaItemViewModel.swift; sourceTree = "<group>"; };
		99EC06EA29CD4557009F1220 /* CreditDetailsViewModel.swift */ = {isa = PBXFileReference; fileEncoding = 4; lastKnownFileType = sourcecode.swift; path = CreditDetailsViewModel.swift; sourceTree = "<group>"; };
		99EC06ED29CD4557009F1220 /* CreditDetails.swift */ = {isa = PBXFileReference; fileEncoding = 4; lastKnownFileType = sourcecode.swift; path = CreditDetails.swift; sourceTree = "<group>"; };
		99EC06EE29CD4557009F1220 /* MovieDetails.swift */ = {isa = PBXFileReference; fileEncoding = 4; lastKnownFileType = sourcecode.swift; path = MovieDetails.swift; sourceTree = "<group>"; };
		99EC06EF29CD4557009F1220 /* MediaItem.swift */ = {isa = PBXFileReference; fileEncoding = 4; lastKnownFileType = sourcecode.swift; path = MediaItem.swift; sourceTree = "<group>"; };
		99EC06F029CD4557009F1220 /* MediaFetchResult.swift */ = {isa = PBXFileReference; fileEncoding = 4; lastKnownFileType = sourcecode.swift; path = MediaFetchResult.swift; sourceTree = "<group>"; };
		99EC06F329CD4557009F1220 /* MediaManagerError.swift */ = {isa = PBXFileReference; fileEncoding = 4; lastKnownFileType = sourcecode.swift; path = MediaManagerError.swift; sourceTree = "<group>"; };
		99EC06F529CD4557009F1220 /* MovieFetchable.swift */ = {isa = PBXFileReference; fileEncoding = 4; lastKnownFileType = sourcecode.swift; path = MovieFetchable.swift; sourceTree = "<group>"; };
		99EC06F629CD4557009F1220 /* CreditFetchable.swift */ = {isa = PBXFileReference; fileEncoding = 4; lastKnownFileType = sourcecode.swift; path = CreditFetchable.swift; sourceTree = "<group>"; };
		99EC06F729CD4557009F1220 /* JSONParseable.swift */ = {isa = PBXFileReference; fileEncoding = 4; lastKnownFileType = sourcecode.swift; path = JSONParseable.swift; sourceTree = "<group>"; };
		99EC06F829CD4557009F1220 /* MediaManager.swift */ = {isa = PBXFileReference; fileEncoding = 4; lastKnownFileType = sourcecode.swift; path = MediaManager.swift; sourceTree = "<group>"; };
		99EC06F929CD4557009F1220 /* JSONParser.swift */ = {isa = PBXFileReference; fileEncoding = 4; lastKnownFileType = sourcecode.swift; path = JSONParser.swift; sourceTree = "<group>"; };
		99EC06FC29CD4557009F1220 /* Endpoint.swift */ = {isa = PBXFileReference; fileEncoding = 4; lastKnownFileType = sourcecode.swift; path = Endpoint.swift; sourceTree = "<group>"; };
		99EC06FD29CD4557009F1220 /* DetailEndpoint.swift */ = {isa = PBXFileReference; fileEncoding = 4; lastKnownFileType = sourcecode.swift; path = DetailEndpoint.swift; sourceTree = "<group>"; };
		99EC06FE29CD4557009F1220 /* ImageEndpoint.swift */ = {isa = PBXFileReference; fileEncoding = 4; lastKnownFileType = sourcecode.swift; path = ImageEndpoint.swift; sourceTree = "<group>"; };
		99EC06FF29CD4557009F1220 /* MovieEndpoint.swift */ = {isa = PBXFileReference; fileEncoding = 4; lastKnownFileType = sourcecode.swift; path = MovieEndpoint.swift; sourceTree = "<group>"; };
		99EC070129CD4557009F1220 /* Secrets.swift */ = {isa = PBXFileReference; fileEncoding = 4; lastKnownFileType = sourcecode.swift; path = Secrets.swift; sourceTree = "<group>"; };
		99EC070229CD4557009F1220 /* API.swift */ = {isa = PBXFileReference; fileEncoding = 4; lastKnownFileType = sourcecode.swift; path = API.swift; sourceTree = "<group>"; };
		99EC072D29CD5D80009F1220 /* WatchProviderSection.swift */ = {isa = PBXFileReference; lastKnownFileType = sourcecode.swift; path = WatchProviderSection.swift; sourceTree = "<group>"; };
		99EC073229CD6BBA009F1220 /* VideosReviewsSection.swift */ = {isa = PBXFileReference; lastKnownFileType = sourcecode.swift; path = VideosReviewsSection.swift; sourceTree = "<group>"; };
/* End PBXFileReference section */

/* Begin PBXFrameworksBuildPhase section */
		99EC06B229CD0B52009F1220 /* Frameworks */ = {
			isa = PBXFrameworksBuildPhase;
			buildActionMask = 2147483647;
			files = (
			);
			runOnlyForDeploymentPostprocessing = 0;
		};
/* End PBXFrameworksBuildPhase section */

/* Begin PBXGroup section */
		9922E9AA29D34510003CC875 /* Detail */ = {
			isa = PBXGroup;
			children = (
				9978040C29D6593500CC03FF /* TVShowInfoSection.swift */,
				9922E9AB29D3460D003CC875 /* TVShowDetailsView.swift */,
			);
			path = Detail;
			sourceTree = "<group>";
		};
		9929E5DF29D229BA00EF446C /* Navigation */ = {
			isa = PBXGroup;
			children = (
				9929E5E029D229CC00EF446C /* NavigationManager.swift */,
			);
			path = Navigation;
			sourceTree = "<group>";
		};
		9929E5E429D2AB0600EF446C /* TV */ = {
			isa = PBXGroup;
			children = (
				9929E5E229D2A98800EF446C /* TVHomeView.swift */,
				9922E9AA29D34510003CC875 /* Detail */,
			);
			path = TV;
			sourceTree = "<group>";
		};
		99618A7829D9513A00173D79 /* Categories */ = {
			isa = PBXGroup;
			children = (
				99618A7629D9511E00173D79 /* MovieCategory.swift */,
				99618A7929D9517200173D79 /* TVCategory.swift */,
			);
			path = Categories;
			sourceTree = "<group>";
		};
		9978040E29D69B4500CC03FF /* Search */ = {
			isa = PBXGroup;
			children = (
				9978040F29D69B5900CC03FF /* SearchView.swift */,
				996520C629D7A92F00AC0F58 /* SearchItemView.swift */,
			);
			path = Search;
			sourceTree = "<group>";
		};
		99A892B129D5017D00A7ECFD /* Episode */ = {
			isa = PBXGroup;
			children = (
				99A892B429D5019200A7ECFD /* Detail */,
			);
			path = Episode;
			sourceTree = "<group>";
		};
		99A892B429D5019200A7ECFD /* Detail */ = {
			isa = PBXGroup;
			children = (
				99A892B229D5018B00A7ECFD /* EpisodeDetailsView.swift */,
			);
			path = Detail;
			sourceTree = "<group>";
		};
		99EC06AC29CD0B52009F1220 = {
			isa = PBXGroup;
			children = (
				99EC06B729CD0B52009F1220 /* TVScribe */,
				99EC06B629CD0B52009F1220 /* Products */,
			);
			sourceTree = "<group>";
		};
		99EC06B629CD0B52009F1220 /* Products */ = {
			isa = PBXGroup;
			children = (
				99EC06B529CD0B52009F1220 /* TVScribe.app */,
			);
			name = Products;
			sourceTree = "<group>";
		};
		99EC06B729CD0B52009F1220 /* TVScribe */ = {
			isa = PBXGroup;
			children = (
				9978040B29D5FB6B00CC03FF /* TODO.md */,
				99EC06B829CD0B52009F1220 /* TVScribeApp.swift */,
				9929E5DF29D229BA00EF446C /* Navigation */,
				99EC06C829CD4557009F1220 /* Views */,
				99EC06E329CD4557009F1220 /* Data */,
				99EC06DF29CD4557009F1220 /* Styles */,
				99EC06BC29CD0B53009F1220 /* Assets.xcassets */,
				99EC06BE29CD0B53009F1220 /* Preview Content */,
			);
			path = TVScribe;
			sourceTree = "<group>";
		};
		99EC06BE29CD0B53009F1220 /* Preview Content */ = {
			isa = PBXGroup;
			children = (
				99EC06BF29CD0B53009F1220 /* Preview Assets.xcassets */,
			);
			path = "Preview Content";
			sourceTree = "<group>";
		};
		99EC06C829CD4557009F1220 /* Views */ = {
			isa = PBXGroup;
			children = (
				99EC06C629CD3692009F1220 /* RootTabView.swift */,
				99EC06C929CD4557009F1220 /* Shared */,
				99EC06D829CD4557009F1220 /* Movies */,
				9929E5E429D2AB0600EF446C /* TV */,
				99A892B129D5017D00A7ECFD /* Episode */,
				99EC06DD29CD4557009F1220 /* Credits */,
				9978040E29D69B4500CC03FF /* Search */,
			);
			path = Views;
			sourceTree = "<group>";
		};
		99EC06C929CD4557009F1220 /* Shared */ = {
			isa = PBXGroup;
			children = (
				99EC072F29CD67B7009F1220 /* Sections */,
				99EC073029CD6948009F1220 /* VideosReviews */,
				99EC073129CD695D009F1220 /* UIKit */,
				99EC06CB29CD4557009F1220 /* PlaceholderAsyncImageView.swift */,
				99618A7D29D9576E00173D79 /* FullSizeImageView.swift */,
				99EC06D029CD4557009F1220 /* PosterView.swift */,
				99EC06D429CD4557009F1220 /* GenreView.swift */,
			);
			path = Shared;
			sourceTree = "<group>";
		};
		99EC06D829CD4557009F1220 /* Movies */ = {
			isa = PBXGroup;
			children = (
				99EC06D929CD4557009F1220 /* MoviesHomeView.swift */,
				99EC06DA29CD4557009F1220 /* Detail */,
			);
			path = Movies;
			sourceTree = "<group>";
		};
		99EC06DA29CD4557009F1220 /* Detail */ = {
			isa = PBXGroup;
			children = (
				99EC06DB29CD4557009F1220 /* MovieInfoSection.swift */,
				99EC06DC29CD4557009F1220 /* MovieDetailsView.swift */,
			);
			path = Detail;
			sourceTree = "<group>";
		};
		99EC06DD29CD4557009F1220 /* Credits */ = {
			isa = PBXGroup;
			children = (
				99EC06DE29CD4557009F1220 /* CreditDetailsView.swift */,
				99618A7B29D951B500173D79 /* CreditDetailItemView.swift */,
				9927088A29D9E3C400D2F3A3 /* CreditSectionView.swift */,
			);
			path = Credits;
			sourceTree = "<group>";
		};
		99EC06DF29CD4557009F1220 /* Styles */ = {
			isa = PBXGroup;
			children = (
				99EC06E029CD4557009F1220 /* Modifiers */,
			);
			path = Styles;
			sourceTree = "<group>";
		};
		99EC06E029CD4557009F1220 /* Modifiers */ = {
			isa = PBXGroup;
			children = (
				99EC06E129CD4557009F1220 /* HeaderModifier.swift */,
				99EC06E229CD4557009F1220 /* TitleStyle.swift */,
			);
			path = Modifiers;
			sourceTree = "<group>";
		};
		99EC06E329CD4557009F1220 /* Data */ = {
			isa = PBXGroup;
			children = (
				99EC06E429CD4557009F1220 /* ViewModels */,
				99618A7829D9513A00173D79 /* Categories */,
				99EC06EB29CD4557009F1220 /* Network */,
				99618A7229D8B96400173D79 /* FetchState.swift */,
			);
			path = Data;
			sourceTree = "<group>";
		};
		99EC06E429CD4557009F1220 /* ViewModels */ = {
			isa = PBXGroup;
			children = (
				99EC06E529CD4557009F1220 /* MoviesHomeViewModel.swift */,
				99EC06E629CD4557009F1220 /* VideoViewModel.swift */,
				99EC06E729CD4557009F1220 /* MovieDetailsViewModel.swift */,
				99EC06E829CD4557009F1220 /* CreditViewModel.swift */,
				99EC06E929CD4557009F1220 /* MediaItemViewModel.swift */,
				99EC06EA29CD4557009F1220 /* CreditDetailsViewModel.swift */,
				9929E5DD29D2129300EF446C /* CreditDetailItemViewModel.swift */,
				9941879F29CF7C7F00732EEF /* RegionWatchProvidersViewModel.swift */,
				9941879C29CF7C6000732EEF /* WatchProviderViewModel.swift */,
				9929E5E529D2AE1500EF446C /* TVHomeViewModel.swift */,
				9922E9AF29D3518A003CC875 /* TVShowDetailsViewModel.swift */,
				99A892B529D507D500A7ECFD /* EpisodeViewModel.swift */,
				99618A7429D8B97A00173D79 /* SearchViewModel.swift */,
			);
			path = ViewModels;
			sourceTree = "<group>";
		};
		99EC06EB29CD4557009F1220 /* Network */ = {
			isa = PBXGroup;
			children = (
				99EC06EC29CD4557009F1220 /* Models */,
				99EC06F129CD4557009F1220 /* Manager */,
				99EC06FA29CD4557009F1220 /* Endpoint */,
				99EC070029CD4557009F1220 /* API */,
			);
			path = Network;
			sourceTree = "<group>";
		};
		99EC06EC29CD4557009F1220 /* Models */ = {
			isa = PBXGroup;
			children = (
				99EC06ED29CD4557009F1220 /* CreditDetails.swift */,
				99EC06EE29CD4557009F1220 /* MovieDetails.swift */,
				9922E9AD29D34F38003CC875 /* TVShowDetails.swift */,
				99A892AF29D4AAB200A7ECFD /* SeasonDetails.swift */,
				99EC06EF29CD4557009F1220 /* MediaItem.swift */,
				99EC06F029CD4557009F1220 /* MediaFetchResult.swift */,
				996520C429D77CC000AC0F58 /* SearchResult.swift */,
			);
			path = Models;
			sourceTree = "<group>";
		};
		99EC06F129CD4557009F1220 /* Manager */ = {
			isa = PBXGroup;
			children = (
				99EC06F229CD4557009F1220 /* ErrorCases */,
				99EC06F429CD4557009F1220 /* Protocols */,
				99EC06F829CD4557009F1220 /* MediaManager.swift */,
				99EC06F929CD4557009F1220 /* JSONParser.swift */,
			);
			path = Manager;
			sourceTree = "<group>";
		};
		99EC06F229CD4557009F1220 /* ErrorCases */ = {
			isa = PBXGroup;
			children = (
				99EC06F329CD4557009F1220 /* MediaManagerError.swift */,
			);
			path = ErrorCases;
			sourceTree = "<group>";
		};
		99EC06F429CD4557009F1220 /* Protocols */ = {
			isa = PBXGroup;
			children = (
				99EC06F529CD4557009F1220 /* MovieFetchable.swift */,
				9929E5E929D2B3AE00EF446C /* TVFetchable.swift */,
				996520C229D73F8A00AC0F58 /* SearchFetchable.swift */,
				99EC06F629CD4557009F1220 /* CreditFetchable.swift */,
				99EC06F729CD4557009F1220 /* JSONParseable.swift */,
			);
			path = Protocols;
			sourceTree = "<group>";
		};
		99EC06FA29CD4557009F1220 /* Endpoint */ = {
			isa = PBXGroup;
			children = (
				99EC06FB29CD4557009F1220 /* Protocol */,
				99EC06FD29CD4557009F1220 /* DetailEndpoint.swift */,
				99EC06FE29CD4557009F1220 /* ImageEndpoint.swift */,
				99EC06FF29CD4557009F1220 /* MovieEndpoint.swift */,
				996520C029D7371400AC0F58 /* SearchEndpoint.swift */,
				9929E5E729D2B1AF00EF446C /* TVEndpoint.swift */,
			);
			path = Endpoint;
			sourceTree = "<group>";
		};
		99EC06FB29CD4557009F1220 /* Protocol */ = {
			isa = PBXGroup;
			children = (
				99EC06FC29CD4557009F1220 /* Endpoint.swift */,
			);
			path = Protocol;
			sourceTree = "<group>";
		};
		99EC070029CD4557009F1220 /* API */ = {
			isa = PBXGroup;
			children = (
				99EC070129CD4557009F1220 /* Secrets.swift */,
				99EC070229CD4557009F1220 /* API.swift */,
			);
			path = API;
			sourceTree = "<group>";
		};
		99EC072F29CD67B7009F1220 /* Sections */ = {
			isa = PBXGroup;
			children = (
				99EC06CE29CD4557009F1220 /* OverviewSection.swift */,
				99EC073229CD6BBA009F1220 /* VideosReviewsSection.swift */,
				99EC072D29CD5D80009F1220 /* WatchProviderSection.swift */,
				99EC06D229CD4557009F1220 /* CreditSection.swift */,
				99EC06D729CD4557009F1220 /* ProfileCreditView.swift */,
				99EC06CC29CD4557009F1220 /* RecommendationsSection.swift */,
				99EC06CD29CD4557009F1220 /* RecommendationPosterView.swift */,
			);
			path = Sections;
			sourceTree = "<group>";
		};
		99EC073029CD6948009F1220 /* VideosReviews */ = {
			isa = PBXGroup;
			children = (
				99EC06D629CD4557009F1220 /* VideosView.swift */,
				99EC06D129CD4557009F1220 /* ReviewsView.swift */,
				99EC06CF29CD4557009F1220 /* ViewItemView.swift */,
				99EC06D529CD4557009F1220 /* ReviewItemView.swift */,
			);
			path = VideosReviews;
			sourceTree = "<group>";
		};
		99EC073129CD695D009F1220 /* UIKit */ = {
			isa = PBXGroup;
			children = (
				99EC06D329CD4557009F1220 /* SafariWebView.swift */,
			);
			path = UIKit;
			sourceTree = "<group>";
		};
/* End PBXGroup section */

/* Begin PBXNativeTarget section */
		99EC06B429CD0B52009F1220 /* TVScribe */ = {
			isa = PBXNativeTarget;
			buildConfigurationList = 99EC06C329CD0B53009F1220 /* Build configuration list for PBXNativeTarget "TVScribe" */;
			buildPhases = (
				99EC06B129CD0B52009F1220 /* Sources */,
				99EC06B229CD0B52009F1220 /* Frameworks */,
				99EC06B329CD0B52009F1220 /* Resources */,
			);
			buildRules = (
			);
			dependencies = (
			);
			name = TVScribe;
			productName = TVScribe;
			productReference = 99EC06B529CD0B52009F1220 /* TVScribe.app */;
			productType = "com.apple.product-type.application";
		};
/* End PBXNativeTarget section */

/* Begin PBXProject section */
		99EC06AD29CD0B52009F1220 /* Project object */ = {
			isa = PBXProject;
			attributes = {
				BuildIndependentTargetsInParallel = 1;
				LastSwiftUpdateCheck = 1420;
				LastUpgradeCheck = 1420;
				TargetAttributes = {
					99EC06B429CD0B52009F1220 = {
						CreatedOnToolsVersion = 14.2;
					};
				};
			};
			buildConfigurationList = 99EC06B029CD0B52009F1220 /* Build configuration list for PBXProject "TVScribe" */;
			compatibilityVersion = "Xcode 14.0";
			developmentRegion = en;
			hasScannedForEncodings = 0;
			knownRegions = (
				en,
				Base,
			);
			mainGroup = 99EC06AC29CD0B52009F1220;
			productRefGroup = 99EC06B629CD0B52009F1220 /* Products */;
			projectDirPath = "";
			projectRoot = "";
			targets = (
				99EC06B429CD0B52009F1220 /* TVScribe */,
			);
		};
/* End PBXProject section */

/* Begin PBXResourcesBuildPhase section */
		99EC06B329CD0B52009F1220 /* Resources */ = {
			isa = PBXResourcesBuildPhase;
			buildActionMask = 2147483647;
			files = (
				99EC06C029CD0B53009F1220 /* Preview Assets.xcassets in Resources */,
				99EC06BD29CD0B53009F1220 /* Assets.xcassets in Resources */,
			);
			runOnlyForDeploymentPostprocessing = 0;
		};
/* End PBXResourcesBuildPhase section */

/* Begin PBXSourcesBuildPhase section */
		99EC06B129CD0B52009F1220 /* Sources */ = {
			isa = PBXSourcesBuildPhase;
			buildActionMask = 2147483647;
			files = (
				99EC072629CD4557009F1220 /* JSONParser.swift in Sources */,
				994187A029CF7C7F00732EEF /* RegionWatchProvidersViewModel.swift in Sources */,
				996520C529D77CC000AC0F58 /* SearchResult.swift in Sources */,
				99EC071C29CD4557009F1220 /* CreditDetailsViewModel.swift in Sources */,
				99EC071929CD4557009F1220 /* MovieDetailsViewModel.swift in Sources */,
				99EC073329CD6BBA009F1220 /* VideosReviewsSection.swift in Sources */,
				99A892B329D5018B00A7ECFD /* EpisodeDetailsView.swift in Sources */,
				99618A7529D8B97A00173D79 /* SearchViewModel.swift in Sources */,
				99EC072829CD4557009F1220 /* DetailEndpoint.swift in Sources */,
				99EC070629CD4557009F1220 /* RecommendationPosterView.swift in Sources */,
				99618A7A29D9517200173D79 /* TVCategory.swift in Sources */,
				99EC072B29CD4557009F1220 /* Secrets.swift in Sources */,
				99EC072429CD4557009F1220 /* JSONParseable.swift in Sources */,
				99EC070B29CD4557009F1220 /* CreditSection.swift in Sources */,
				99EC071529CD4557009F1220 /* HeaderModifier.swift in Sources */,
				996520C129D7371400AC0F58 /* SearchEndpoint.swift in Sources */,
				99EC072929CD4557009F1220 /* ImageEndpoint.swift in Sources */,
				9922E9B029D3518A003CC875 /* TVShowDetailsViewModel.swift in Sources */,
				99EC06C729CD3692009F1220 /* RootTabView.swift in Sources */,
				99EC072129CD4557009F1220 /* MediaManagerError.swift in Sources */,
				9929E5E829D2B1AF00EF446C /* TVEndpoint.swift in Sources */,
				9978041029D69B5900CC03FF /* SearchView.swift in Sources */,
				99618A7729D9511E00173D79 /* MovieCategory.swift in Sources */,
				99EC070429CD4557009F1220 /* PlaceholderAsyncImageView.swift in Sources */,
				99EC071329CD4557009F1220 /* MovieDetailsView.swift in Sources */,
				9929E5E129D229CC00EF446C /* NavigationManager.swift in Sources */,
				9929E5E329D2A98800EF446C /* TVHomeView.swift in Sources */,
				99EC071A29CD4557009F1220 /* CreditViewModel.swift in Sources */,
				99EC071B29CD4557009F1220 /* MediaItemViewModel.swift in Sources */,
				99EC071629CD4557009F1220 /* TitleStyle.swift in Sources */,
				9922E9AC29D3460D003CC875 /* TVShowDetailsView.swift in Sources */,
				99EC071F29CD4557009F1220 /* MediaItem.swift in Sources */,
				99EC070D29CD4557009F1220 /* GenreView.swift in Sources */,
				99EC072729CD4557009F1220 /* Endpoint.swift in Sources */,
				9941879D29CF7C6000732EEF /* WatchProviderViewModel.swift in Sources */,
				99EC071729CD4557009F1220 /* MoviesHomeViewModel.swift in Sources */,
				99EC070A29CD4557009F1220 /* ReviewsView.swift in Sources */,
				99EC072C29CD4557009F1220 /* API.swift in Sources */,
				99A892B029D4AAB200A7ECFD /* SeasonDetails.swift in Sources */,
				99EC071829CD4557009F1220 /* VideoViewModel.swift in Sources */,
				99A892B629D507D500A7ECFD /* EpisodeViewModel.swift in Sources */,
				99EC070E29CD4557009F1220 /* ReviewItemView.swift in Sources */,
				99EC071129CD4557009F1220 /* MoviesHomeView.swift in Sources */,
				99EC070C29CD4557009F1220 /* SafariWebView.swift in Sources */,
				99EC071429CD4557009F1220 /* CreditDetailsView.swift in Sources */,
				9927088B29D9E3C400D2F3A3 /* CreditSectionView.swift in Sources */,
				99EC070729CD4557009F1220 /* OverviewSection.swift in Sources */,
				99EC071229CD4557009F1220 /* MovieInfoSection.swift in Sources */,
				99EC071029CD4557009F1220 /* ProfileCreditView.swift in Sources */,
				99EC072A29CD4557009F1220 /* MovieEndpoint.swift in Sources */,
				9929E5DE29D2129300EF446C /* CreditDetailItemViewModel.swift in Sources */,
				99EC071D29CD4557009F1220 /* CreditDetails.swift in Sources */,
				99618A7C29D951B500173D79 /* CreditDetailItemView.swift in Sources */,
				99EC071E29CD4557009F1220 /* MovieDetails.swift in Sources */,
				9978040D29D6593500CC03FF /* TVShowInfoSection.swift in Sources */,
				99EC070F29CD4557009F1220 /* VideosView.swift in Sources */,
				9929E5E629D2AE1500EF446C /* TVHomeViewModel.swift in Sources */,
				99EC072029CD4557009F1220 /* MediaFetchResult.swift in Sources */,
				996520C329D73F8A00AC0F58 /* SearchFetchable.swift in Sources */,
				99EC070829CD4557009F1220 /* ViewItemView.swift in Sources */,
				99EC070529CD4557009F1220 /* RecommendationsSection.swift in Sources */,
				99618A7329D8B96400173D79 /* FetchState.swift in Sources */,
				99EC072E29CD5D80009F1220 /* WatchProviderSection.swift in Sources */,
				9929E5EA29D2B3AE00EF446C /* TVFetchable.swift in Sources */,
				996520C729D7A92F00AC0F58 /* SearchItemView.swift in Sources */,
				99EC072229CD4557009F1220 /* MovieFetchable.swift in Sources */,
				99618A7E29D9576E00173D79 /* FullSizeImageView.swift in Sources */,
				99EC072329CD4557009F1220 /* CreditFetchable.swift in Sources */,
				99EC06B929CD0B52009F1220 /* TVScribeApp.swift in Sources */,
				99EC070929CD4557009F1220 /* PosterView.swift in Sources */,
				99EC072529CD4557009F1220 /* MediaManager.swift in Sources */,
				9922E9AE29D34F38003CC875 /* TVShowDetails.swift in Sources */,
			);
			runOnlyForDeploymentPostprocessing = 0;
		};
/* End PBXSourcesBuildPhase section */

/* Begin XCBuildConfiguration section */
		99EC06C129CD0B53009F1220 /* Debug */ = {
			isa = XCBuildConfiguration;
			buildSettings = {
				ALWAYS_SEARCH_USER_PATHS = NO;
				CLANG_ANALYZER_NONNULL = YES;
				CLANG_ANALYZER_NUMBER_OBJECT_CONVERSION = YES_AGGRESSIVE;
				CLANG_CXX_LANGUAGE_STANDARD = "gnu++20";
				CLANG_ENABLE_MODULES = YES;
				CLANG_ENABLE_OBJC_ARC = YES;
				CLANG_ENABLE_OBJC_WEAK = YES;
				CLANG_WARN_BLOCK_CAPTURE_AUTORELEASING = YES;
				CLANG_WARN_BOOL_CONVERSION = YES;
				CLANG_WARN_COMMA = YES;
				CLANG_WARN_CONSTANT_CONVERSION = YES;
				CLANG_WARN_DEPRECATED_OBJC_IMPLEMENTATIONS = YES;
				CLANG_WARN_DIRECT_OBJC_ISA_USAGE = YES_ERROR;
				CLANG_WARN_DOCUMENTATION_COMMENTS = YES;
				CLANG_WARN_EMPTY_BODY = YES;
				CLANG_WARN_ENUM_CONVERSION = YES;
				CLANG_WARN_INFINITE_RECURSION = YES;
				CLANG_WARN_INT_CONVERSION = YES;
				CLANG_WARN_NON_LITERAL_NULL_CONVERSION = YES;
				CLANG_WARN_OBJC_IMPLICIT_RETAIN_SELF = YES;
				CLANG_WARN_OBJC_LITERAL_CONVERSION = YES;
				CLANG_WARN_OBJC_ROOT_CLASS = YES_ERROR;
				CLANG_WARN_QUOTED_INCLUDE_IN_FRAMEWORK_HEADER = YES;
				CLANG_WARN_RANGE_LOOP_ANALYSIS = YES;
				CLANG_WARN_STRICT_PROTOTYPES = YES;
				CLANG_WARN_SUSPICIOUS_MOVE = YES;
				CLANG_WARN_UNGUARDED_AVAILABILITY = YES_AGGRESSIVE;
				CLANG_WARN_UNREACHABLE_CODE = YES;
				CLANG_WARN__DUPLICATE_METHOD_MATCH = YES;
				COPY_PHASE_STRIP = NO;
				DEBUG_INFORMATION_FORMAT = dwarf;
				ENABLE_STRICT_OBJC_MSGSEND = YES;
				ENABLE_TESTABILITY = YES;
				GCC_C_LANGUAGE_STANDARD = gnu11;
				GCC_DYNAMIC_NO_PIC = NO;
				GCC_NO_COMMON_BLOCKS = YES;
				GCC_OPTIMIZATION_LEVEL = 0;
				GCC_PREPROCESSOR_DEFINITIONS = (
					"DEBUG=1",
					"$(inherited)",
				);
				GCC_WARN_64_TO_32_BIT_CONVERSION = YES;
				GCC_WARN_ABOUT_RETURN_TYPE = YES_ERROR;
				GCC_WARN_UNDECLARED_SELECTOR = YES;
				GCC_WARN_UNINITIALIZED_AUTOS = YES_AGGRESSIVE;
				GCC_WARN_UNUSED_FUNCTION = YES;
				GCC_WARN_UNUSED_VARIABLE = YES;
				IPHONEOS_DEPLOYMENT_TARGET = 16.2;
				MTL_ENABLE_DEBUG_INFO = INCLUDE_SOURCE;
				MTL_FAST_MATH = YES;
				ONLY_ACTIVE_ARCH = YES;
				SDKROOT = iphoneos;
				SWIFT_ACTIVE_COMPILATION_CONDITIONS = DEBUG;
				SWIFT_OPTIMIZATION_LEVEL = "-Onone";
			};
			name = Debug;
		};
		99EC06C229CD0B53009F1220 /* Release */ = {
			isa = XCBuildConfiguration;
			buildSettings = {
				ALWAYS_SEARCH_USER_PATHS = NO;
				CLANG_ANALYZER_NONNULL = YES;
				CLANG_ANALYZER_NUMBER_OBJECT_CONVERSION = YES_AGGRESSIVE;
				CLANG_CXX_LANGUAGE_STANDARD = "gnu++20";
				CLANG_ENABLE_MODULES = YES;
				CLANG_ENABLE_OBJC_ARC = YES;
				CLANG_ENABLE_OBJC_WEAK = YES;
				CLANG_WARN_BLOCK_CAPTURE_AUTORELEASING = YES;
				CLANG_WARN_BOOL_CONVERSION = YES;
				CLANG_WARN_COMMA = YES;
				CLANG_WARN_CONSTANT_CONVERSION = YES;
				CLANG_WARN_DEPRECATED_OBJC_IMPLEMENTATIONS = YES;
				CLANG_WARN_DIRECT_OBJC_ISA_USAGE = YES_ERROR;
				CLANG_WARN_DOCUMENTATION_COMMENTS = YES;
				CLANG_WARN_EMPTY_BODY = YES;
				CLANG_WARN_ENUM_CONVERSION = YES;
				CLANG_WARN_INFINITE_RECURSION = YES;
				CLANG_WARN_INT_CONVERSION = YES;
				CLANG_WARN_NON_LITERAL_NULL_CONVERSION = YES;
				CLANG_WARN_OBJC_IMPLICIT_RETAIN_SELF = YES;
				CLANG_WARN_OBJC_LITERAL_CONVERSION = YES;
				CLANG_WARN_OBJC_ROOT_CLASS = YES_ERROR;
				CLANG_WARN_QUOTED_INCLUDE_IN_FRAMEWORK_HEADER = YES;
				CLANG_WARN_RANGE_LOOP_ANALYSIS = YES;
				CLANG_WARN_STRICT_PROTOTYPES = YES;
				CLANG_WARN_SUSPICIOUS_MOVE = YES;
				CLANG_WARN_UNGUARDED_AVAILABILITY = YES_AGGRESSIVE;
				CLANG_WARN_UNREACHABLE_CODE = YES;
				CLANG_WARN__DUPLICATE_METHOD_MATCH = YES;
				COPY_PHASE_STRIP = NO;
				DEBUG_INFORMATION_FORMAT = "dwarf-with-dsym";
				ENABLE_NS_ASSERTIONS = NO;
				ENABLE_STRICT_OBJC_MSGSEND = YES;
				GCC_C_LANGUAGE_STANDARD = gnu11;
				GCC_NO_COMMON_BLOCKS = YES;
				GCC_WARN_64_TO_32_BIT_CONVERSION = YES;
				GCC_WARN_ABOUT_RETURN_TYPE = YES_ERROR;
				GCC_WARN_UNDECLARED_SELECTOR = YES;
				GCC_WARN_UNINITIALIZED_AUTOS = YES_AGGRESSIVE;
				GCC_WARN_UNUSED_FUNCTION = YES;
				GCC_WARN_UNUSED_VARIABLE = YES;
				IPHONEOS_DEPLOYMENT_TARGET = 16.2;
				MTL_ENABLE_DEBUG_INFO = NO;
				MTL_FAST_MATH = YES;
				SDKROOT = iphoneos;
				SWIFT_COMPILATION_MODE = wholemodule;
				SWIFT_OPTIMIZATION_LEVEL = "-O";
				VALIDATE_PRODUCT = YES;
			};
			name = Release;
		};
		99EC06C429CD0B53009F1220 /* Debug */ = {
			isa = XCBuildConfiguration;
			buildSettings = {
				ASSETCATALOG_COMPILER_APPICON_NAME = AppIcon;
				ASSETCATALOG_COMPILER_GLOBAL_ACCENT_COLOR_NAME = AccentColor;
				CODE_SIGN_STYLE = Automatic;
				CURRENT_PROJECT_VERSION = 1;
				DEVELOPMENT_ASSET_PATHS = "\"TVScribe/Preview Content\"";
				DEVELOPMENT_TEAM = 6LDUM432GE;
				ENABLE_PREVIEWS = YES;
				GENERATE_INFOPLIST_FILE = YES;
				INFOPLIST_KEY_UIApplicationSceneManifest_Generation = YES;
				INFOPLIST_KEY_UIApplicationSupportsIndirectInputEvents = YES;
				INFOPLIST_KEY_UILaunchScreen_Generation = YES;
				INFOPLIST_KEY_UISupportedInterfaceOrientations_iPad = "UIInterfaceOrientationPortrait UIInterfaceOrientationPortraitUpsideDown UIInterfaceOrientationLandscapeLeft UIInterfaceOrientationLandscapeRight";
				INFOPLIST_KEY_UISupportedInterfaceOrientations_iPhone = "UIInterfaceOrientationPortrait UIInterfaceOrientationLandscapeLeft UIInterfaceOrientationLandscapeRight";
				LD_RUNPATH_SEARCH_PATHS = (
					"$(inherited)",
					"@executable_path/Frameworks",
				);
				MARKETING_VERSION = 1.0;
				PRODUCT_BUNDLE_IDENTIFIER = com.pcsun.dev.TVScribe;
				PRODUCT_NAME = "$(TARGET_NAME)";
				SWIFT_EMIT_LOC_STRINGS = YES;
				SWIFT_VERSION = 5.0;
				TARGETED_DEVICE_FAMILY = "1,2";
			};
			name = Debug;
		};
		99EC06C529CD0B53009F1220 /* Release */ = {
			isa = XCBuildConfiguration;
			buildSettings = {
				ASSETCATALOG_COMPILER_APPICON_NAME = AppIcon;
				ASSETCATALOG_COMPILER_GLOBAL_ACCENT_COLOR_NAME = AccentColor;
				CODE_SIGN_STYLE = Automatic;
				CURRENT_PROJECT_VERSION = 1;
				DEVELOPMENT_ASSET_PATHS = "\"TVScribe/Preview Content\"";
				DEVELOPMENT_TEAM = 6LDUM432GE;
				ENABLE_PREVIEWS = YES;
				GENERATE_INFOPLIST_FILE = YES;
				INFOPLIST_KEY_UIApplicationSceneManifest_Generation = YES;
				INFOPLIST_KEY_UIApplicationSupportsIndirectInputEvents = YES;
				INFOPLIST_KEY_UILaunchScreen_Generation = YES;
				INFOPLIST_KEY_UISupportedInterfaceOrientations_iPad = "UIInterfaceOrientationPortrait UIInterfaceOrientationPortraitUpsideDown UIInterfaceOrientationLandscapeLeft UIInterfaceOrientationLandscapeRight";
				INFOPLIST_KEY_UISupportedInterfaceOrientations_iPhone = "UIInterfaceOrientationPortrait UIInterfaceOrientationLandscapeLeft UIInterfaceOrientationLandscapeRight";
				LD_RUNPATH_SEARCH_PATHS = (
					"$(inherited)",
					"@executable_path/Frameworks",
				);
				MARKETING_VERSION = 1.0;
				PRODUCT_BUNDLE_IDENTIFIER = com.pcsun.dev.TVScribe;
				PRODUCT_NAME = "$(TARGET_NAME)";
				SWIFT_EMIT_LOC_STRINGS = YES;
				SWIFT_VERSION = 5.0;
				TARGETED_DEVICE_FAMILY = "1,2";
			};
			name = Release;
		};
/* End XCBuildConfiguration section */

/* Begin XCConfigurationList section */
		99EC06B029CD0B52009F1220 /* Build configuration list for PBXProject "TVScribe" */ = {
			isa = XCConfigurationList;
			buildConfigurations = (
				99EC06C129CD0B53009F1220 /* Debug */,
				99EC06C229CD0B53009F1220 /* Release */,
			);
			defaultConfigurationIsVisible = 0;
			defaultConfigurationName = Release;
		};
		99EC06C329CD0B53009F1220 /* Build configuration list for PBXNativeTarget "TVScribe" */ = {
			isa = XCConfigurationList;
			buildConfigurations = (
				99EC06C429CD0B53009F1220 /* Debug */,
				99EC06C529CD0B53009F1220 /* Release */,
			);
			defaultConfigurationIsVisible = 0;
			defaultConfigurationName = Release;
		};
/* End XCConfigurationList section */
	};
	rootObject = 99EC06AD29CD0B52009F1220 /* Project object */;
}
